{
  "name": "skyx",
  "version": "1.0.0",
  "lockfileVersion": 1,
  "requires": true,
  "dependencies": {
    "uni-simple-router": {
      "version": "1.2.2",
      "resolved": "https://registry.npm.taobao.org/uni-simple-router/download/uni-simple-router-1.2.2.tgz",
      "integrity": "sha1-xcUfVP1H0LB22E0MdEqKwsqTQag="
    }
  }
}
